
Microsoft Visual Studio Solution File, Format Version 12.00
# Visual Studio 15
VisualStudioVersion = 15.0.27428.2043
MinimumVisualStudioVersion = 10.0.40219.1
Project("{2150E333-8FDC-42A3-9474-1A3956D46DE8}") = "Solution", "Solution", "{023D62D7-DCCC-4536-9DB6-053D378E9698}"
	ProjectSection(SolutionItems) = preProject
		.editorconfig = .editorconfig
		.gitignore = .gitignore
	EndProjectSection
EndProject
Project("{9A19103F-16F7-4668-BE54-9A1E7A4F7556}") = "Domain", "Domain\Domain.csproj", "{E8788B0D-B18B-47F1-BC93-E11D4E55D19B}"
EndProject
Project("{9A19103F-16F7-4668-BE54-9A1E7A4F7556}") = "EF", "EF\EF.csproj", "{820A8C7E-9DE5-449B-8D6C-0368E3552E34}"
EndProject
Project("{FAE04EC0-301F-11D3-BF4B-00C04F79EFBC}") = "TestProject", "TestProject\TestProject.csproj", "{EFDBC6B6-B865-40D1-8852-D3E323C61A60}"
EndProject
Project("{FAE04EC0-301F-11D3-BF4B-00C04F79EFBC}") = "TestProject.Core", "TestProject.Core\TestProject.Core.csproj", "{16D879E6-C442-491A-B772-B4C8BB62106B}"
EndProject
Global
	GlobalSection(SolutionConfigurationPlatforms) = preSolution
		Debug|Any CPU = Debug|Any CPU
		Release|Any CPU = Release|Any CPU
	EndGlobalSection
	GlobalSection(ProjectConfigurationPlatforms) = postSolution
		{E8788B0D-B18B-47F1-BC93-E11D4E55D19B}.Debug|Any CPU.ActiveCfg = Debug|Any CPU
		{E8788B0D-B18B-47F1-BC93-E11D4E55D19B}.Debug|Any CPU.Build.0 = Debug|Any CPU
		{E8788B0D-B18B-47F1-BC93-E11D4E55D19B}.Release|Any CPU.ActiveCfg = Release|Any CPU
		{E8788B0D-B18B-47F1-BC93-E11D4E55D19B}.Release|Any CPU.Build.0 = Release|Any CPU
		{820A8C7E-9DE5-449B-8D6C-0368E3552E34}.Debug|Any CPU.ActiveCfg = Debug|Any CPU
		{820A8C7E-9DE5-449B-8D6C-0368E3552E34}.Debug|Any CPU.Build.0 = Debug|Any CPU
		{820A8C7E-9DE5-449B-8D6C-0368E3552E34}.Release|Any CPU.ActiveCfg = Release|Any CPU
		{820A8C7E-9DE5-449B-8D6C-0368E3552E34}.Release|Any CPU.Build.0 = Release|Any CPU
		{EFDBC6B6-B865-40D1-8852-D3E323C61A60}.Debug|Any CPU.ActiveCfg = Debug|Any CPU
		{EFDBC6B6-B865-40D1-8852-D3E323C61A60}.Debug|Any CPU.Build.0 = Debug|Any CPU
		{EFDBC6B6-B865-40D1-8852-D3E323C61A60}.Release|Any CPU.ActiveCfg = Release|Any CPU
		{EFDBC6B6-B865-40D1-8852-D3E323C61A60}.Release|Any CPU.Build.0 = Release|Any CPU
		{16D879E6-C442-491A-B772-B4C8BB62106B}.Debug|Any CPU.ActiveCfg = Debug|Any CPU
		{16D879E6-C442-491A-B772-B4C8BB62106B}.Debug|Any CPU.Build.0 = Debug|Any CPU
		{16D879E6-C442-491A-B772-B4C8BB62106B}.Release|Any CPU.ActiveCfg = Release|Any CPU
		{16D879E6-C442-491A-B772-B4C8BB62106B}.Release|Any CPU.Build.0 = Release|Any CPU
	EndGlobalSection
	GlobalSection(SolutionProperties) = preSolution
		HideSolutionNode = FALSE
	EndGlobalSection
	GlobalSection(ExtensibilityGlobals) = postSolution
		SolutionGuid = {4F1259D7-7231-4811-AC5F-9E91400C8235}
	EndGlobalSection
EndGlobal
